{
  "originHash" : "f2e21df2ff19fd6392c9c6c968faf9f73f1f6e7959406842eb15b1a70207b4a1",
  "pins" : [
    {
      "identity" : "carbode-barcode-scanner-for-swiftui",
      "kind" : "remoteSourceControl",
      "location" : "https://github.com/heart/CarBode-Barcode-Scanner-For-SwiftUI.git",
      "state" : {
        "revision" : "d0192bd6ccc61e426eb7a301f16521f1da05dc66",
        "version" : "2.2.4"
      }
    },
    {
      "identity" : "codescanner",
      "kind" : "remoteSourceControl",
      "location" : "https://github.com/twostraws/CodeScanner.git",
      "state" : {
        "revision" : "5e886430238944c7200fc9e10dbf2d9550dba865",
        "version" : "2.5.2"
      }
    },
    {
      "identity" : "swiftui-introspect",
      "kind" : "remoteSourceControl",
      "location" : "https://github.com/siteline/swiftui-introspect",
      "state" : {
        "revision" : "807f73ce09a9b9723f12385e592b4e0aaebd3336",
        "version" : "1.3.0"
      }
    },
    {
      "identity" : "swiftui-navigation-transitions",
      "kind" : "remoteSourceControl",
      "location" : "https://github.com/davdroman/swiftui-navigation-transitions.git",
      "state" : {
        "revision" : "76ae9c621422a1f38c30a07c8b7636994b669484",
        "version" : "0.14.0"
      }
    },
    {
      "identity" : "swiftui-sliders",
      "kind" : "remoteSourceControl",
      "location" : "https://github.com/spacenation/swiftui-sliders.git",
      "state" : {
        "revision" : "d5a7d856655d5c91f891c2b69d982c30fd5c7bdf",
        "version" : "2.1.0"
      }
    }
  ],
  "version" : 3
}
